// !$*UTF8*$!
{
	archiveVersion = 1;
	classes = {
	};
	objectVersion = 55;
	objects = {

/* Begin PBXBuildFile section */
		5D63104F291ACFD500C090EC /* Extensions.swift in Sources */ = {isa = PBXBuildFile; fileRef = 5D63104E291ACFD500C090EC /* Extensions.swift */; };
		5DBDB83B291AB2C7003BF2C3 /* AppDelegate.swift in Sources */ = {isa = PBXBuildFile; fileRef = 5DBDB83A291AB2C7003BF2C3 /* AppDelegate.swift */; };
		5DBDB83D291AB2C7003BF2C3 /* SceneDelegate.swift in Sources */ = {isa = PBXBuildFile; fileRef = 5DBDB83C291AB2C7003BF2C3 /* SceneDelegate.swift */; };
		5DBDB83F291AB2C7003BF2C3 /* ConversationsViewController.swift in Sources */ = {isa = PBXBuildFile; fileRef = 5DBDB83E291AB2C7003BF2C3 /* ConversationsViewController.swift */; };
		5DBDB842291AB2C7003BF2C3 /* Main.storyboard in Resources */ = {isa = PBXBuildFile; fileRef = 5DBDB840291AB2C7003BF2C3 /* Main.storyboard */; };
		5DBDB844291AB2CA003BF2C3 /* Assets.xcassets in Resources */ = {isa = PBXBuildFile; fileRef = 5DBDB843291AB2CA003BF2C3 /* Assets.xcassets */; };
		5DBDB847291AB2CA003BF2C3 /* LaunchScreen.storyboard in Resources */ = {isa = PBXBuildFile; fileRef = 5DBDB845291AB2CA003BF2C3 /* LaunchScreen.storyboard */; };
		5DBDB857291ABA48003BF2C3 /* LoginViewController.swift in Sources */ = {isa = PBXBuildFile; fileRef = 5DBDB856291ABA48003BF2C3 /* LoginViewController.swift */; };
		5DBDB859291ABA56003BF2C3 /* RegisterViewController.swift in Sources */ = {isa = PBXBuildFile; fileRef = 5DBDB858291ABA56003BF2C3 /* RegisterViewController.swift */; };
		5DBDB85B291ABA7A003BF2C3 /* PhotoViewerViewController.swift in Sources */ = {isa = PBXBuildFile; fileRef = 5DBDB85A291ABA7A003BF2C3 /* PhotoViewerViewController.swift */; };
		5DBDB85D291ABA88003BF2C3 /* VideoPlayerViewController.swift in Sources */ = {isa = PBXBuildFile; fileRef = 5DBDB85C291ABA88003BF2C3 /* VideoPlayerViewController.swift */; };
		5DBDB85F291ABA9A003BF2C3 /* NewConversationViewController.swift in Sources */ = {isa = PBXBuildFile; fileRef = 5DBDB85E291ABA9A003BF2C3 /* NewConversationViewController.swift */; };
		5DBDB861291ABAA9003BF2C3 /* ProfileViewController.swift in Sources */ = {isa = PBXBuildFile; fileRef = 5DBDB860291ABAA9003BF2C3 /* ProfileViewController.swift */; };
/* End PBXBuildFile section */

/* Begin PBXFileReference section */
		5D63104E291ACFD500C090EC /* Extensions.swift */ = {isa = PBXFileReference; lastKnownFileType = sourcecode.swift; path = Extensions.swift; sourceTree = "<group>"; };
		5DBDB837291AB2C7003BF2C3 /* Messenger.app */ = {isa = PBXFileReference; explicitFileType = wrapper.application; includeInIndex = 0; path = Messenger.app; sourceTree = BUILT_PRODUCTS_DIR; };
		5DBDB83A291AB2C7003BF2C3 /* AppDelegate.swift */ = {isa = PBXFileReference; lastKnownFileType = sourcecode.swift; path = AppDelegate.swift; sourceTree = "<group>"; };
		5DBDB83C291AB2C7003BF2C3 /* SceneDelegate.swift */ = {isa = PBXFileReference; lastKnownFileType = sourcecode.swift; path = SceneDelegate.swift; sourceTree = "<group>"; };
		5DBDB83E291AB2C7003BF2C3 /* ConversationsViewController.swift */ = {isa = PBXFileReference; lastKnownFileType = sourcecode.swift; path = ConversationsViewController.swift; sourceTree = "<group>"; };
		5DBDB841291AB2C7003BF2C3 /* Base */ = {isa = PBXFileReference; lastKnownFileType = file.storyboard; name = Base; path = Base.lproj/Main.storyboard; sourceTree = "<group>"; };
		5DBDB843291AB2CA003BF2C3 /* Assets.xcassets */ = {isa = PBXFileReference; lastKnownFileType = folder.assetcatalog; path = Assets.xcassets; sourceTree = "<group>"; };
		5DBDB846291AB2CA003BF2C3 /* Base */ = {isa = PBXFileReference; lastKnownFileType = file.storyboard; name = Base; path = Base.lproj/LaunchScreen.storyboard; sourceTree = "<group>"; };
		5DBDB848291AB2CA003BF2C3 /* Info.plist */ = {isa = PBXFileReference; lastKnownFileType = text.plist.xml; path = Info.plist; sourceTree = "<group>"; };
		5DBDB856291ABA48003BF2C3 /* LoginViewController.swift */ = {isa = PBXFileReference; lastKnownFileType = sourcecode.swift; path = LoginViewController.swift; sourceTree = "<group>"; };
		5DBDB858291ABA56003BF2C3 /* RegisterViewController.swift */ = {isa = PBXFileReference; lastKnownFileType = sourcecode.swift; path = RegisterViewController.swift; sourceTree = "<group>"; };
		5DBDB85A291ABA7A003BF2C3 /* PhotoViewerViewController.swift */ = {isa = PBXFileReference; lastKnownFileType = sourcecode.swift; path = PhotoViewerViewController.swift; sourceTree = "<group>"; };
		5DBDB85C291ABA88003BF2C3 /* VideoPlayerViewController.swift */ = {isa = PBXFileReference; lastKnownFileType = sourcecode.swift; path = VideoPlayerViewController.swift; sourceTree = "<group>"; };
		5DBDB85E291ABA9A003BF2C3 /* NewConversationViewController.swift */ = {isa = PBXFileReference; lastKnownFileType = sourcecode.swift; path = NewConversationViewController.swift; sourceTree = "<group>"; };
		5DBDB860291ABAA9003BF2C3 /* ProfileViewController.swift */ = {isa = PBXFileReference; lastKnownFileType = sourcecode.swift; path = ProfileViewController.swift; sourceTree = "<group>"; };
/* End PBXFileReference section */

/* Begin PBXFrameworksBuildPhase section */
		5DBDB834291AB2C7003BF2C3 /* Frameworks */ = {
			isa = PBXFrameworksBuildPhase;
			buildActionMask = 2147483647;
			files = (
			);
			runOnlyForDeploymentPostprocessing = 0;
		};
/* End PBXFrameworksBuildPhase section */

/* Begin PBXGroup section */
		5DBDB82E291AB2C7003BF2C3 = {
			isa = PBXGroup;
			children = (
				5DBDB839291AB2C7003BF2C3 /* Messenger */,
				5DBDB838291AB2C7003BF2C3 /* Products */,
			);
			sourceTree = "<group>";
		};
		5DBDB838291AB2C7003BF2C3 /* Products */ = {
			isa = PBXGroup;
			children = (
				5DBDB837291AB2C7003BF2C3 /* Messenger.app */,
			);
			name = Products;
			sourceTree = "<group>";
		};
		5DBDB839291AB2C7003BF2C3 /* Messenger */ = {
			isa = PBXGroup;
			children = (
				5DBDB853291AB793003BF2C3 /* Resources */,
				5DBDB852291AB787003BF2C3 /* ViewModels */,
				5DBDB851291AB77B003BF2C3 /* Models */,
				5DBDB850291AB770003BF2C3 /* Views */,
				5DBDB84E291AB75B003BF2C3 /* Controllers */,
				5DBDB848291AB2CA003BF2C3 /* Info.plist */,
			);
			path = Messenger;
			sourceTree = "<group>";
		};
		5DBDB84E291AB75B003BF2C3 /* Controllers */ = {
			isa = PBXGroup;
			children = (
				5DBDB83E291AB2C7003BF2C3 /* ConversationsViewController.swift */,
				5DBDB862291ABECC003BF2C3 /* Login */,
				5DBDB85A291ABA7A003BF2C3 /* PhotoViewerViewController.swift */,
				5DBDB85C291ABA88003BF2C3 /* VideoPlayerViewController.swift */,
				5DBDB85E291ABA9A003BF2C3 /* NewConversationViewController.swift */,
				5DBDB860291ABAA9003BF2C3 /* ProfileViewController.swift */,
			);
			path = Controllers;
			sourceTree = "<group>";
		};
		5DBDB850291AB770003BF2C3 /* Views */ = {
			isa = PBXGroup;
			children = (
				5DBDB855291AB7FE003BF2C3 /* Storyboards */,
				5DBDB843291AB2CA003BF2C3 /* Assets.xcassets */,
			);
			path = Views;
			sourceTree = "<group>";
		};
		5DBDB851291AB77B003BF2C3 /* Models */ = {
			isa = PBXGroup;
			children = (
			);
			path = Models;
			sourceTree = "<group>";
		};
		5DBDB852291AB787003BF2C3 /* ViewModels */ = {
			isa = PBXGroup;
			children = (
			);
			path = ViewModels;
			sourceTree = "<group>";
		};
		5DBDB853291AB793003BF2C3 /* Resources */ = {
			isa = PBXGroup;
			children = (
				5DBDB83A291AB2C7003BF2C3 /* AppDelegate.swift */,
				5DBDB83C291AB2C7003BF2C3 /* SceneDelegate.swift */,
				5D63104E291ACFD500C090EC /* Extensions.swift */,
			);
			path = Resources;
			sourceTree = "<group>";
		};
		5DBDB855291AB7FE003BF2C3 /* Storyboards */ = {
			isa = PBXGroup;
			children = (
				5DBDB840291AB2C7003BF2C3 /* Main.storyboard */,
				5DBDB845291AB2CA003BF2C3 /* LaunchScreen.storyboard */,
			);
			path = Storyboards;
			sourceTree = "<group>";
		};
		5DBDB862291ABECC003BF2C3 /* Login */ = {
			isa = PBXGroup;
			children = (
				5DBDB856291ABA48003BF2C3 /* LoginViewController.swift */,
				5DBDB858291ABA56003BF2C3 /* RegisterViewController.swift */,
			);
			path = Login;
			sourceTree = "<group>";
		};
/* End PBXGroup section */

/* Begin PBXNativeTarget section */
		5DBDB836291AB2C7003BF2C3 /* Messenger */ = {
			isa = PBXNativeTarget;
			buildConfigurationList = 5DBDB84B291AB2CA003BF2C3 /* Build configuration list for PBXNativeTarget "Messenger" */;
			buildPhases = (
				5DBDB833291AB2C7003BF2C3 /* Sources */,
				5DBDB834291AB2C7003BF2C3 /* Frameworks */,
				5DBDB835291AB2C7003BF2C3 /* Resources */,
			);
			buildRules = (
			);
			dependencies = (
			);
			name = Messenger;
			productName = Messenger;
			productReference = 5DBDB837291AB2C7003BF2C3 /* Messenger.app */;
			productType = "com.apple.product-type.application";
		};
/* End PBXNativeTarget section */

/* Begin PBXProject section */
		5DBDB82F291AB2C7003BF2C3 /* Project object */ = {
			isa = PBXProject;
			attributes = {
				BuildIndependentTargetsInParallel = 1;
				LastSwiftUpdateCheck = 1330;
				LastUpgradeCheck = 1330;
				TargetAttributes = {
					5DBDB836291AB2C7003BF2C3 = {
						CreatedOnToolsVersion = 13.3;
					};
				};
			};
			buildConfigurationList = 5DBDB832291AB2C7003BF2C3 /* Build configuration list for PBXProject "Messenger" */;
			compatibilityVersion = "Xcode 13.0";
			developmentRegion = en;
			hasScannedForEncodings = 0;
			knownRegions = (
				en,
				Base,
			);
			mainGroup = 5DBDB82E291AB2C7003BF2C3;
			productRefGroup = 5DBDB838291AB2C7003BF2C3 /* Products */;
			projectDirPath = "";
			projectRoot = "";
			targets = (
				5DBDB836291AB2C7003BF2C3 /* Messenger */,
			);
		};
/* End PBXProject section */

/* Begin PBXResourcesBuildPhase section */
		5DBDB835291AB2C7003BF2C3 /* Resources */ = {
			isa = PBXResourcesBuildPhase;
			buildActionMask = 2147483647;
			files = (
				5DBDB847291AB2CA003BF2C3 /* LaunchScreen.storyboard in Resources */,
				5DBDB844291AB2CA003BF2C3 /* Assets.xcassets in Resources */,
				5DBDB842291AB2C7003BF2C3 /* Main.storyboard in Resources */,
			);
			runOnlyForDeploymentPostprocessing = 0;
		};
/* End PBXResourcesBuildPhase section */

/* Begin PBXSourcesBuildPhase section */
		5DBDB833291AB2C7003BF2C3 /* Sources */ = {
			isa = PBXSourcesBuildPhase;
			buildActionMask = 2147483647;
			files = (
				5DBDB857291ABA48003BF2C3 /* LoginViewController.swift in Sources */,
				5DBDB859291ABA56003BF2C3 /* RegisterViewController.swift in Sources */,
				5DBDB85F291ABA9A003BF2C3 /* NewConversationViewController.swift in Sources */,
				5DBDB83F291AB2C7003BF2C3 /* ConversationsViewController.swift in Sources */,
				5DBDB85D291ABA88003BF2C3 /* VideoPlayerViewController.swift in Sources */,
				5D63104F291ACFD500C090EC /* Extensions.swift in Sources */,
				5DBDB83B291AB2C7003BF2C3 /* AppDelegate.swift in Sources */,
				5DBDB861291ABAA9003BF2C3 /* ProfileViewController.swift in Sources */,
				5DBDB83D291AB2C7003BF2C3 /* SceneDelegate.swift in Sources */,
				5DBDB85B291ABA7A003BF2C3 /* PhotoViewerViewController.swift in Sources */,
			);
			runOnlyForDeploymentPostprocessing = 0;
		};
/* End PBXSourcesBuildPhase section */

/* Begin PBXVariantGroup section */
		5DBDB840291AB2C7003BF2C3 /* Main.storyboard */ = {
			isa = PBXVariantGroup;
			children = (
				5DBDB841291AB2C7003BF2C3 /* Base */,
			);
			name = Main.storyboard;
			sourceTree = "<group>";
		};
		5DBDB845291AB2CA003BF2C3 /* LaunchScreen.storyboard */ = {
			isa = PBXVariantGroup;
			children = (
				5DBDB846291AB2CA003BF2C3 /* Base */,
			);
			name = LaunchScreen.storyboard;
			sourceTree = "<group>";
		};
/* End PBXVariantGroup section */

/* Begin XCBuildConfiguration section */
		5DBDB849291AB2CA003BF2C3 /* Debug */ = {
			isa = XCBuildConfiguration;
			buildSettings = {
				ALWAYS_SEARCH_USER_PATHS = NO;
				CLANG_ANALYZER_NONNULL = YES;
				CLANG_ANALYZER_NUMBER_OBJECT_CONVERSION = YES_AGGRESSIVE;
				CLANG_CXX_LANGUAGE_STANDARD = "gnu++17";
				CLANG_ENABLE_MODULES = YES;
				CLANG_ENABLE_OBJC_ARC = YES;
				CLANG_ENABLE_OBJC_WEAK = YES;
				CLANG_WARN_BLOCK_CAPTURE_AUTORELEASING = YES;
				CLANG_WARN_BOOL_CONVERSION = YES;
				CLANG_WARN_COMMA = YES;
				CLANG_WARN_CONSTANT_CONVERSION = YES;
				CLANG_WARN_DEPRECATED_OBJC_IMPLEMENTATIONS = YES;
				CLANG_WARN_DIRECT_OBJC_ISA_USAGE = YES_ERROR;
				CLANG_WARN_DOCUMENTATION_COMMENTS = YES;
				CLANG_WARN_EMPTY_BODY = YES;
				CLANG_WARN_ENUM_CONVERSION = YES;
				CLANG_WARN_INFINITE_RECURSION = YES;
				CLANG_WARN_INT_CONVERSION = YES;
				CLANG_WARN_NON_LITERAL_NULL_CONVERSION = YES;
				CLANG_WARN_OBJC_IMPLICIT_RETAIN_SELF = YES;
				CLANG_WARN_OBJC_LITERAL_CONVERSION = YES;
				CLANG_WARN_OBJC_ROOT_CLASS = YES_ERROR;
				CLANG_WARN_QUOTED_INCLUDE_IN_FRAMEWORK_HEADER = YES;
				CLANG_WARN_RANGE_LOOP_ANALYSIS = YES;
				CLANG_WARN_STRICT_PROTOTYPES = YES;
				CLANG_WARN_SUSPICIOUS_MOVE = YES;
				CLANG_WARN_UNGUARDED_AVAILABILITY = YES_AGGRESSIVE;
				CLANG_WARN_UNREACHABLE_CODE = YES;
				CLANG_WARN__DUPLICATE_METHOD_MATCH = YES;
				COPY_PHASE_STRIP = NO;
				DEBUG_INFORMATION_FORMAT = dwarf;
				ENABLE_STRICT_OBJC_MSGSEND = YES;
				ENABLE_TESTABILITY = YES;
				GCC_C_LANGUAGE_STANDARD = gnu11;
				GCC_DYNAMIC_NO_PIC = NO;
				GCC_NO_COMMON_BLOCKS = YES;
				GCC_OPTIMIZATION_LEVEL = 0;
				GCC_PREPROCESSOR_DEFINITIONS = (
					"DEBUG=1",
					"$(inherited)",
				);
				GCC_WARN_64_TO_32_BIT_CONVERSION = YES;
				GCC_WARN_ABOUT_RETURN_TYPE = YES_ERROR;
				GCC_WARN_UNDECLARED_SELECTOR = YES;
				GCC_WARN_UNINITIALIZED_AUTOS = YES_AGGRESSIVE;
				GCC_WARN_UNUSED_FUNCTION = YES;
				GCC_WARN_UNUSED_VARIABLE = YES;
				IPHONEOS_DEPLOYMENT_TARGET = 15.4;
				MTL_ENABLE_DEBUG_INFO = INCLUDE_SOURCE;
				MTL_FAST_MATH = YES;
				ONLY_ACTIVE_ARCH = YES;
				SDKROOT = iphoneos;
				SWIFT_ACTIVE_COMPILATION_CONDITIONS = DEBUG;
				SWIFT_OPTIMIZATION_LEVEL = "-Onone";
			};
			name = Debug;
		};
		5DBDB84A291AB2CA003BF2C3 /* Release */ = {
			isa = XCBuildConfiguration;
			buildSettings = {
				ALWAYS_SEARCH_USER_PATHS = NO;
				CLANG_ANALYZER_NONNULL = YES;
				CLANG_ANALYZER_NUMBER_OBJECT_CONVERSION = YES_AGGRESSIVE;
				CLANG_CXX_LANGUAGE_STANDARD = "gnu++17";
				CLANG_ENABLE_MODULES = YES;
				CLANG_ENABLE_OBJC_ARC = YES;
				CLANG_ENABLE_OBJC_WEAK = YES;
				CLANG_WARN_BLOCK_CAPTURE_AUTORELEASING = YES;
				CLANG_WARN_BOOL_CONVERSION = YES;
				CLANG_WARN_COMMA = YES;
				CLANG_WARN_CONSTANT_CONVERSION = YES;
				CLANG_WARN_DEPRECATED_OBJC_IMPLEMENTATIONS = YES;
				CLANG_WARN_DIRECT_OBJC_ISA_USAGE = YES_ERROR;
				CLANG_WARN_DOCUMENTATION_COMMENTS = YES;
				CLANG_WARN_EMPTY_BODY = YES;
				CLANG_WARN_ENUM_CONVERSION = YES;
				CLANG_WARN_INFINITE_RECURSION = YES;
				CLANG_WARN_INT_CONVERSION = YES;
				CLANG_WARN_NON_LITERAL_NULL_CONVERSION = YES;
				CLANG_WARN_OBJC_IMPLICIT_RETAIN_SELF = YES;
				CLANG_WARN_OBJC_LITERAL_CONVERSION = YES;
				CLANG_WARN_OBJC_ROOT_CLASS = YES_ERROR;
				CLANG_WARN_QUOTED_INCLUDE_IN_FRAMEWORK_HEADER = YES;
				CLANG_WARN_RANGE_LOOP_ANALYSIS = YES;
				CLANG_WARN_STRICT_PROTOTYPES = YES;
				CLANG_WARN_SUSPICIOUS_MOVE = YES;
				CLANG_WARN_UNGUARDED_AVAILABILITY = YES_AGGRESSIVE;
				CLANG_WARN_UNREACHABLE_CODE = YES;
				CLANG_WARN__DUPLICATE_METHOD_MATCH = YES;
				COPY_PHASE_STRIP = NO;
				DEBUG_INFORMATION_FORMAT = "dwarf-with-dsym";
				ENABLE_NS_ASSERTIONS = NO;
				ENABLE_STRICT_OBJC_MSGSEND = YES;
				GCC_C_LANGUAGE_STANDARD = gnu11;
				GCC_NO_COMMON_BLOCKS = YES;
				GCC_WARN_64_TO_32_BIT_CONVERSION = YES;
				GCC_WARN_ABOUT_RETURN_TYPE = YES_ERROR;
				GCC_WARN_UNDECLARED_SELECTOR = YES;
				GCC_WARN_UNINITIALIZED_AUTOS = YES_AGGRESSIVE;
				GCC_WARN_UNUSED_FUNCTION = YES;
				GCC_WARN_UNUSED_VARIABLE = YES;
				IPHONEOS_DEPLOYMENT_TARGET = 15.4;
				MTL_ENABLE_DEBUG_INFO = NO;
				MTL_FAST_MATH = YES;
				SDKROOT = iphoneos;
				SWIFT_COMPILATION_MODE = wholemodule;
				SWIFT_OPTIMIZATION_LEVEL = "-O";
				VALIDATE_PRODUCT = YES;
			};
			name = Release;
		};
		5DBDB84C291AB2CA003BF2C3 /* Debug */ = {
			isa = XCBuildConfiguration;
			buildSettings = {
				ASSETCATALOG_COMPILER_APPICON_NAME = AppIcon;
				ASSETCATALOG_COMPILER_GLOBAL_ACCENT_COLOR_NAME = AccentColor;
				CODE_SIGN_STYLE = Automatic;
				CURRENT_PROJECT_VERSION = 1;
				DEVELOPMENT_TEAM = T4JLL5W73G;
				GENERATE_INFOPLIST_FILE = YES;
				INFOPLIST_FILE = Messenger/Info.plist;
				INFOPLIST_KEY_NSCameraUsageDescription = "Please allow access to take a profile picture";
				INFOPLIST_KEY_NSPhotoLibraryAddUsageDescription = "Please allow access to select a photo for your profile.";
				INFOPLIST_KEY_UIApplicationSupportsIndirectInputEvents = YES;
				INFOPLIST_KEY_UILaunchStoryboardName = LaunchScreen;
				INFOPLIST_KEY_UIMainStoryboardFile = Main;
				INFOPLIST_KEY_UISupportedInterfaceOrientations_iPad = "UIInterfaceOrientationPortrait UIInterfaceOrientationPortraitUpsideDown UIInterfaceOrientationLandscapeLeft UIInterfaceOrientationLandscapeRight";
				INFOPLIST_KEY_UISupportedInterfaceOrientations_iPhone = "UIInterfaceOrientationPortrait UIInterfaceOrientationLandscapeLeft UIInterfaceOrientationLandscapeRight";
				IPHONEOS_DEPLOYMENT_TARGET = 13.0;
				LD_RUNPATH_SEARCH_PATHS = (
					"$(inherited)",
					"@executable_path/Frameworks",
				);
				MARKETING_VERSION = 1.0;
				PRODUCT_BUNDLE_IDENTIFIER = com.baxa.Messenger;
				PRODUCT_NAME = "$(TARGET_NAME)";
				SWIFT_EMIT_LOC_STRINGS = YES;
				SWIFT_VERSION = 5.0;
				TARGETED_DEVICE_FAMILY = "1,2";
			};
			name = Debug;
		};
		5DBDB84D291AB2CA003BF2C3 /* Release */ = {
			isa = XCBuildConfiguration;
			buildSettings = {
				ASSETCATALOG_COMPILER_APPICON_NAME = AppIcon;
				ASSETCATALOG_COMPILER_GLOBAL_ACCENT_COLOR_NAME = AccentColor;
				CODE_SIGN_STYLE = Automatic;
				CURRENT_PROJECT_VERSION = 1;
				DEVELOPMENT_TEAM = T4JLL5W73G;
				GENERATE_INFOPLIST_FILE = YES;
				INFOPLIST_FILE = Messenger/Info.plist;
				INFOPLIST_KEY_NSCameraUsageDescription = "Please allow access to take a profile picture";
				INFOPLIST_KEY_NSPhotoLibraryAddUsageDescription = "Please allow access to select a photo for your profile.";
				INFOPLIST_KEY_UIApplicationSupportsIndirectInputEvents = YES;
				INFOPLIST_KEY_UILaunchStoryboardName = LaunchScreen;
				INFOPLIST_KEY_UIMainStoryboardFile = Main;
				INFOPLIST_KEY_UISupportedInterfaceOrientations_iPad = "UIInterfaceOrientationPortrait UIInterfaceOrientationPortraitUpsideDown UIInterfaceOrientationLandscapeLeft UIInterfaceOrientationLandscapeRight";
				INFOPLIST_KEY_UISupportedInterfaceOrientations_iPhone = "UIInterfaceOrientationPortrait UIInterfaceOrientationLandscapeLeft UIInterfaceOrientationLandscapeRight";
				IPHONEOS_DEPLOYMENT_TARGET = 13.0;
				LD_RUNPATH_SEARCH_PATHS = (
					"$(inherited)",
					"@executable_path/Frameworks",
				);
				MARKETING_VERSION = 1.0;
				PRODUCT_BUNDLE_IDENTIFIER = com.baxa.Messenger;
				PRODUCT_NAME = "$(TARGET_NAME)";
				SWIFT_EMIT_LOC_STRINGS = YES;
				SWIFT_VERSION = 5.0;
				TARGETED_DEVICE_FAMILY = "1,2";
			};
			name = Release;
		};
/* End XCBuildConfiguration section */

/* Begin XCConfigurationList section */
		5DBDB832291AB2C7003BF2C3 /* Build configuration list for PBXProject "Messenger" */ = {
			isa = XCConfigurationList;
			buildConfigurations = (
				5DBDB849291AB2CA003BF2C3 /* Debug */,
				5DBDB84A291AB2CA003BF2C3 /* Release */,
			);
			defaultConfigurationIsVisible = 0;
			defaultConfigurationName = Release;
		};
		5DBDB84B291AB2CA003BF2C3 /* Build configuration list for PBXNativeTarget "Messenger" */ = {
			isa = XCConfigurationList;
			buildConfigurations = (
				5DBDB84C291AB2CA003BF2C3 /* Debug */,
				5DBDB84D291AB2CA003BF2C3 /* Release */,
			);
			defaultConfigurationIsVisible = 0;
			defaultConfigurationName = Release;
		};
/* End XCConfigurationList section */
	};
	rootObject = 5DBDB82F291AB2C7003BF2C3 /* Project object */;
}
